{
    "requires": true,
    "lockfileVersion": 1,
    "dependencies": {
        "caffeinejs": {
            "version": "0.0.3",
            "resolved": "https://registry.npmjs.org/caffeinejs/-/caffeinejs-0.0.3.tgz",
            "integrity": "sha1-tQCVYEpAO9otQOaXM/6kjCc9msE="
        },
        "nosleep.js": {
            "version": "0.7.0",
            "resolved": "https://registry.npmjs.org/nosleep.js/-/nosleep.js-0.7.0.tgz",
            "integrity": "sha1-z9kZwlUjyg0PSmn7MwXAg62u4ok="
        }
    }
}
